Microsoft Visual Studio Solution File, Format Version 12.00
# Visual Studio Version 16
VisualStudioVersion = 16.0.28803.352
MinimumVisualStudioVersion = 10.0.40219.1
Project("{FAE04EC0-301F-11D3-BF4B-00C04F79EFBC}") = "E2EApp.Android", "E2EApp.Android\E2EApp.Android.csproj", "{EFADE44B-9526-4E5D-8DE8-92F695EF6D7F}"
EndProject
Project("{FAE04EC0-301F-11D3-BF4B-00C04F79EFBC}") = "E2EApp.iOS", "E2EApp.iOS\E2EApp.iOS.csproj", "{77BC7D98-44FB-40BF-9DC2-65F6CC4DB7C0}"
EndProject
Project("{FAE04EC0-301F-11D3-BF4B-00C04F79EFBC}") = "E2EApp.UITests", "E2EApp.UITests\E2EApp.UITests.csproj", "{B19C892E-2628-4CA7-AD27-08D406A3B14B}"
EndProject
Project("{9A19103F-16F7-4668-BE54-9A1E7A4F7556}") = "E2EApp", "E2EApp\E2EApp.csproj", "{3A34DE14-7D84-4983-8159-E872230CACB0}"
EndProject
Project("{2150E333-8FDC-42A3-9474-1A3956D46DE8}") = "Solution Items", "Solution Items", "{FE4412CF-3586-430B-AEEC-1CF0FBBB2203}"
	ProjectSection(SolutionItems) = preProject
		.editorconfig = .editorconfig
		.gitignore = .gitignore
		buildtools.json = buildtools.json
		Directory.build.props = Directory.build.props
	EndProjectSection
EndProject
Global
	GlobalSection(SolutionConfigurationPlatforms) = preSolution
		Ad-Hoc|Any CPU = Ad-Hoc|Any CPU
		Ad-Hoc|iPhone = Ad-Hoc|iPhone
		Ad-Hoc|iPhoneSimulator = Ad-Hoc|iPhoneSimulator
		AppStore|Any CPU = AppStore|Any CPU
		AppStore|iPhone = AppStore|iPhone
		AppStore|iPhoneSimulator = AppStore|iPhoneSimulator
		Debug|Any CPU = Debug|Any CPU
		Debug|iPhone = Debug|iPhone
		Debug|iPhoneSimulator = Debug|iPhoneSimulator
		Release|Any CPU = Release|Any CPU
		Release|iPhone = Release|iPhone
		Release|iPhoneSimulator = Release|iPhoneSimulator
	EndGlobalSection
	GlobalSection(ProjectConfigurationPlatforms) = postSolution
		{EFADE44B-9526-4E5D-8DE8-92F695EF6D7F}.Ad-Hoc|Any CPU.ActiveCfg = Release|Any CPU
		{EFADE44B-9526-4E5D-8DE8-92F695EF6D7F}.Ad-Hoc|Any CPU.Build.0 = Release|Any CPU
		{EFADE44B-9526-4E5D-8DE8-92F695EF6D7F}.Ad-Hoc|Any CPU.Deploy.0 = Release|Any CPU
		{EFADE44B-9526-4E5D-8DE8-92F695EF6D7F}.Ad-Hoc|iPhone.ActiveCfg = Debug|Any CPU
		{EFADE44B-9526-4E5D-8DE8-92F695EF6D7F}.Ad-Hoc|iPhone.Build.0 = Debug|Any CPU
		{EFADE44B-9526-4E5D-8DE8-92F695EF6D7F}.Ad-Hoc|iPhoneSimulator.ActiveCfg = Release|Any CPU
		{EFADE44B-9526-4E5D-8DE8-92F695EF6D7F}.Ad-Hoc|iPhoneSimulator.Build.0 = Release|Any CPU
		{EFADE44B-9526-4E5D-8DE8-92F695EF6D7F}.Ad-Hoc|iPhoneSimulator.Deploy.0 = Release|Any CPU
		{EFADE44B-9526-4E5D-8DE8-92F695EF6D7F}.AppStore|Any CPU.ActiveCfg = Release|Any CPU
		{EFADE44B-9526-4E5D-8DE8-92F695EF6D7F}.AppStore|Any CPU.Build.0 = Release|Any CPU
		{EFADE44B-9526-4E5D-8DE8-92F695EF6D7F}.AppStore|Any CPU.Deploy.0 = Release|Any CPU
		{EFADE44B-9526-4E5D-8DE8-92F695EF6D7F}.AppStore|iPhone.ActiveCfg = Debug|Any CPU
		{EFADE44B-9526-4E5D-8DE8-92F695EF6D7F}.AppStore|iPhone.Build.0 = Debug|Any CPU
		{EFADE44B-9526-4E5D-8DE8-92F695EF6D7F}.AppStore|iPhoneSimulator.ActiveCfg = Release|Any CPU
		{EFADE44B-9526-4E5D-8DE8-92F695EF6D7F}.AppStore|iPhoneSimulator.Build.0 = Release|Any CPU
		{EFADE44B-9526-4E5D-8DE8-92F695EF6D7F}.AppStore|iPhoneSimulator.Deploy.0 = Release|Any CPU
		{EFADE44B-9526-4E5D-8DE8-92F695EF6D7F}.Debug|Any CPU.ActiveCfg = Debug|Any CPU
		{EFADE44B-9526-4E5D-8DE8-92F695EF6D7F}.Debug|Any CPU.Build.0 = Debug|Any CPU
		{EFADE44B-9526-4E5D-8DE8-92F695EF6D7F}.Debug|iPhone.ActiveCfg = Debug|Any CPU
		{EFADE44B-9526-4E5D-8DE8-92F695EF6D7F}.Debug|iPhone.Build.0 = Debug|Any CPU
		{EFADE44B-9526-4E5D-8DE8-92F695EF6D7F}.Debug|iPhoneSimulator.ActiveCfg = Debug|Any CPU
		{EFADE44B-9526-4E5D-8DE8-92F695EF6D7F}.Debug|iPhoneSimulator.Build.0 = Debug|Any CPU
		{EFADE44B-9526-4E5D-8DE8-92F695EF6D7F}.Release|Any CPU.ActiveCfg = Release|Any CPU
		{EFADE44B-9526-4E5D-8DE8-92F695EF6D7F}.Release|Any CPU.Build.0 = Release|Any CPU
		{EFADE44B-9526-4E5D-8DE8-92F695EF6D7F}.Release|iPhone.ActiveCfg = Release|Any CPU
		{EFADE44B-9526-4E5D-8DE8-92F695EF6D7F}.Release|iPhone.Build.0 = Release|Any CPU
		{EFADE44B-9526-4E5D-8DE8-92F695EF6D7F}.Release|iPhoneSimulator.ActiveCfg = Release|Any CPU
		{EFADE44B-9526-4E5D-8DE8-92F695EF6D7F}.Release|iPhoneSimulator.Build.0 = Release|Any CPU
		{77BC7D98-44FB-40BF-9DC2-65F6CC4DB7C0}.Ad-Hoc|Any CPU.ActiveCfg = Ad-Hoc|iPhoneSimulator
		{77BC7D98-44FB-40BF-9DC2-65F6CC4DB7C0}.Ad-Hoc|iPhone.ActiveCfg = Ad-Hoc|iPhone
		{77BC7D98-44FB-40BF-9DC2-65F6CC4DB7C0}.Ad-Hoc|iPhone.Build.0 = Ad-Hoc|iPhone
		{77BC7D98-44FB-40BF-9DC2-65F6CC4DB7C0}.Ad-Hoc|iPhoneSimulator.ActiveCfg = Ad-Hoc|iPhoneSimulator
		{77BC7D98-44FB-40BF-9DC2-65F6CC4DB7C0}.Ad-Hoc|iPhoneSimulator.Build.0 = Ad-Hoc|iPhoneSimulator
		{77BC7D98-44FB-40BF-9DC2-65F6CC4DB7C0}.AppStore|Any CPU.ActiveCfg = AppStore|iPhoneSimulator
		{77BC7D98-44FB-40BF-9DC2-65F6CC4DB7C0}.AppStore|iPhone.ActiveCfg = AppStore|iPhone
		{77BC7D98-44FB-40BF-9DC2-65F6CC4DB7C0}.AppStore|iPhone.Build.0 = AppStore|iPhone
		{77BC7D98-44FB-40BF-9DC2-65F6CC4DB7C0}.AppStore|iPhoneSimulator.ActiveCfg = AppStore|iPhoneSimulator
		{77BC7D98-44FB-40BF-9DC2-65F6CC4DB7C0}.AppStore|iPhoneSimulator.Build.0 = AppStore|iPhoneSimulator
		{77BC7D98-44FB-40BF-9DC2-65F6CC4DB7C0}.Debug|Any CPU.ActiveCfg = Debug|iPhoneSimulator
		{77BC7D98-44FB-40BF-9DC2-65F6CC4DB7C0}.Debug|Any CPU.Build.0 = Debug|iPhoneSimulator
		{77BC7D98-44FB-40BF-9DC2-65F6CC4DB7C0}.Debug|iPhone.ActiveCfg = Debug|iPhone
		{77BC7D98-44FB-40BF-9DC2-65F6CC4DB7C0}.Debug|iPhone.Build.0 = Debug|iPhone
		{77BC7D98-44FB-40BF-9DC2-65F6CC4DB7C0}.Debug|iPhoneSimulator.ActiveCfg = Debug|iPhoneSimulator
		{77BC7D98-44FB-40BF-9DC2-65F6CC4DB7C0}.Debug|iPhoneSimulator.Build.0 = Debug|iPhoneSimulator
		{77BC7D98-44FB-40BF-9DC2-65F6CC4DB7C0}.Release|Any CPU.ActiveCfg = Release|iPhoneSimulator
		{77BC7D98-44FB-40BF-9DC2-65F6CC4DB7C0}.Release|Any CPU.Build.0 = Release|iPhoneSimulator
		{77BC7D98-44FB-40BF-9DC2-65F6CC4DB7C0}.Release|iPhone.ActiveCfg = Release|iPhone
		{77BC7D98-44FB-40BF-9DC2-65F6CC4DB7C0}.Release|iPhone.Build.0 = Release|iPhone
		{77BC7D98-44FB-40BF-9DC2-65F6CC4DB7C0}.Release|iPhoneSimulator.ActiveCfg = Release|iPhoneSimulator
		{77BC7D98-44FB-40BF-9DC2-65F6CC4DB7C0}.Release|iPhoneSimulator.Build.0 = Release|iPhoneSimulator
		{B19C892E-2628-4CA7-AD27-08D406A3B14B}.Ad-Hoc|Any CPU.ActiveCfg = Release|Any CPU
		{B19C892E-2628-4CA7-AD27-08D406A3B14B}.Ad-Hoc|Any CPU.Build.0 = Release|Any CPU
		{B19C892E-2628-4CA7-AD27-08D406A3B14B}.Ad-Hoc|iPhone.ActiveCfg = Debug|Any CPU
		{B19C892E-2628-4CA7-AD27-08D406A3B14B}.Ad-Hoc|iPhone.Build.0 = Debug|Any CPU
		{B19C892E-2628-4CA7-AD27-08D406A3B14B}.Ad-Hoc|iPhoneSimulator.ActiveCfg = Release|Any CPU
		{B19C892E-2628-4CA7-AD27-08D406A3B14B}.Ad-Hoc|iPhoneSimulator.Build.0 = Release|Any CPU
		{B19C892E-2628-4CA7-AD27-08D406A3B14B}.AppStore|Any CPU.ActiveCfg = Release|Any CPU
		{B19C892E-2628-4CA7-AD27-08D406A3B14B}.AppStore|Any CPU.Build.0 = Release|Any CPU
		{B19C892E-2628-4CA7-AD27-08D406A3B14B}.AppStore|iPhone.ActiveCfg = Debug|Any CPU
		{B19C892E-2628-4CA7-AD27-08D406A3B14B}.AppStore|iPhone.Build.0 = Debug|Any CPU
		{B19C892E-2628-4CA7-AD27-08D406A3B14B}.AppStore|iPhoneSimulator.ActiveCfg = Release|Any CPU
		{B19C892E-2628-4CA7-AD27-08D406A3B14B}.AppStore|iPhoneSimulator.Build.0 = Release|Any CPU
		{B19C892E-2628-4CA7-AD27-08D406A3B14B}.Debug|Any CPU.ActiveCfg = Debug|Any CPU
		{B19C892E-2628-4CA7-AD27-08D406A3B14B}.Debug|Any CPU.Build.0 = Debug|Any CPU
		{B19C892E-2628-4CA7-AD27-08D406A3B14B}.Debug|iPhone.ActiveCfg = Debug|Any CPU
		{B19C892E-2628-4CA7-AD27-08D406A3B14B}.Debug|iPhone.Build.0 = Debug|Any CPU
		{B19C892E-2628-4CA7-AD27-08D406A3B14B}.Debug|iPhoneSimulator.ActiveCfg = Debug|Any CPU
		{B19C892E-2628-4CA7-AD27-08D406A3B14B}.Debug|iPhoneSimulator.Build.0 = Debug|Any CPU
		{B19C892E-2628-4CA7-AD27-08D406A3B14B}.Release|Any CPU.ActiveCfg = Release|Any CPU
		{B19C892E-2628-4CA7-AD27-08D406A3B14B}.Release|Any CPU.Build.0 = Release|Any CPU
		{B19C892E-2628-4CA7-AD27-08D406A3B14B}.Release|iPhone.ActiveCfg = Release|Any CPU
		{B19C892E-2628-4CA7-AD27-08D406A3B14B}.Release|iPhone.Build.0 = Release|Any CPU
		{B19C892E-2628-4CA7-AD27-08D406A3B14B}.Release|iPhoneSimulator.ActiveCfg = Release|Any CPU
		{B19C892E-2628-4CA7-AD27-08D406A3B14B}.Release|iPhoneSimulator.Build.0 = Release|Any CPU
		{3A34DE14-7D84-4983-8159-E872230CACB0}.Ad-Hoc|Any CPU.ActiveCfg = Release|Any CPU
		{3A34DE14-7D84-4983-8159-E872230CACB0}.Ad-Hoc|Any CPU.Build.0 = Release|Any CPU
		{3A34DE14-7D84-4983-8159-E872230CACB0}.Ad-Hoc|iPhone.ActiveCfg = Debug|Any CPU
		{3A34DE14-7D84-4983-8159-E872230CACB0}.Ad-Hoc|iPhone.Build.0 = Debug|Any CPU
		{3A34DE14-7D84-4983-8159-E872230CACB0}.Ad-Hoc|iPhoneSimulator.ActiveCfg = Release|Any CPU
		{3A34DE14-7D84-4983-8159-E872230CACB0}.Ad-Hoc|iPhoneSimulator.Build.0 = Release|Any CPU
		{3A34DE14-7D84-4983-8159-E872230CACB0}.AppStore|Any CPU.ActiveCfg = Release|Any CPU
		{3A34DE14-7D84-4983-8159-E872230CACB0}.AppStore|Any CPU.Build.0 = Release|Any CPU
		{3A34DE14-7D84-4983-8159-E872230CACB0}.AppStore|iPhone.ActiveCfg = Debug|Any CPU
		{3A34DE14-7D84-4983-8159-E872230CACB0}.AppStore|iPhone.Build.0 = Debug|Any CPU
		{3A34DE14-7D84-4983-8159-E872230CACB0}.AppStore|iPhoneSimulator.ActiveCfg = Release|Any CPU
		{3A34DE14-7D84-4983-8159-E872230CACB0}.AppStore|iPhoneSimulator.Build.0 = Release|Any CPU
		{3A34DE14-7D84-4983-8159-E872230CACB0}.Debug|Any CPU.ActiveCfg = Debug|Any CPU
		{3A34DE14-7D84-4983-8159-E872230CACB0}.Debug|Any CPU.Build.0 = Debug|Any CPU
		{3A34DE14-7D84-4983-8159-E872230CACB0}.Debug|iPhone.ActiveCfg = Debug|Any CPU
		{3A34DE14-7D84-4983-8159-E872230CACB0}.Debug|iPhone.Build.0 = Debug|Any CPU
		{3A34DE14-7D84-4983-8159-E872230CACB0}.Debug|iPhoneSimulator.ActiveCfg = Debug|Any CPU
		{3A34DE14-7D84-4983-8159-E872230CACB0}.Debug|iPhoneSimulator.Build.0 = Debug|Any CPU
		{3A34DE14-7D84-4983-8159-E872230CACB0}.Release|Any CPU.ActiveCfg = Release|Any CPU
		{3A34DE14-7D84-4983-8159-E872230CACB0}.Release|Any CPU.Build.0 = Release|Any CPU
		{3A34DE14-7D84-4983-8159-E872230CACB0}.Release|iPhone.ActiveCfg = Release|Any CPU
		{3A34DE14-7D84-4983-8159-E872230CACB0}.Release|iPhone.Build.0 = Release|Any CPU
		{3A34DE14-7D84-4983-8159-E872230CACB0}.Release|iPhoneSimulator.ActiveCfg = Release|Any CPU
		{3A34DE14-7D84-4983-8159-E872230CACB0}.Release|iPhoneSimulator.Build.0 = Release|Any CPU
	EndGlobalSection
	GlobalSection(SolutionProperties) = preSolution
		HideSolutionNode = FALSE
	EndGlobalSection
	GlobalSection(ExtensibilityGlobals) = postSolution
		SolutionGuid = {B3685A1C-9190-466E-AC8A-6DD718C94AA7}
	EndGlobalSection
EndGlobal
