
Microsoft Visual Studio Solution File, Format Version 12.00
# Visual Studio Version 16
VisualStudioVersion = 16.0.28803.202
MinimumVisualStudioVersion = 15.0.26124.0
Project("{9A19103F-16F7-4668-BE54-9A1E7A4F7556}") = "Mobile.BuildTools", "src\Mobile.BuildTools\Mobile.BuildTools.csproj", "{ECB330A6-90E5-4EF2-8889-86DE2AC0723E}"
EndProject
Project("{9A19103F-16F7-4668-BE54-9A1E7A4F7556}") = "Mobile.BuildTools.Configuration", "src\Mobile.BuildTools.Configuration\Mobile.BuildTools.Configuration.csproj", "{25063D4D-2ECC-4B75-98D0-F7B6BAD9D1F7}"
EndProject
Project("{9A19103F-16F7-4668-BE54-9A1E7A4F7556}") = "Mobile.BuildTools.Tests", "tests\Mobile.BuildTools.Tests\Mobile.BuildTools.Tests.csproj", "{22808734-C8D3-431E-AA9A-92432DE4EB6A}"
EndProject
Project("{9A19103F-16F7-4668-BE54-9A1E7A4F7556}") = "Mobile.BuildTools.Configuration.Tests", "tests\Mobile.BuildTools.Configuration.Tests\Mobile.BuildTools.Configuration.Tests.csproj", "{82EF42A8-49A3-4086-A045-5E2C2F094C04}"
EndProject
Project("{2150E333-8FDC-42A3-9474-1A3956D46DE8}") = "src", "src", "{C7456F1C-2B86-4C40-A228-72209A7355A0}"
EndProject
Project("{2150E333-8FDC-42A3-9474-1A3956D46DE8}") = "tests", "tests", "{2510D213-21AF-4B25-888D-E63163356A4F}"
EndProject
Project("{2150E333-8FDC-42A3-9474-1A3956D46DE8}") = "Solution Items", "Solution Items", "{8F363F4B-DC9A-4948-A122-BC7D92494CA8}"
	ProjectSection(SolutionItems) = preProject
		.editorconfig = .editorconfig
		Directory.build.props = Directory.build.props
		Directory.Build.targets = Directory.Build.targets
		ReadMe.md = ReadMe.md
	EndProjectSection
EndProject
Project("{2150E333-8FDC-42A3-9474-1A3956D46DE8}") = "tools", "tools", "{677B710E-6C18-47C0-93B2-A3899370BF5A}"
EndProject
Project("{9A19103F-16F7-4668-BE54-9A1E7A4F7556}") = "Mobile.BuildTools.SchemaGenerator", "tools\Mobile.BuildTools.SchemaGenerator\Mobile.BuildTools.SchemaGenerator.csproj", "{B102C625-C640-4E90-B634-CC730140CB7C}"
EndProject
Project("{9A19103F-16F7-4668-BE54-9A1E7A4F7556}") = "Mobile.BuildTools.Reference", "src\Mobile.BuildTools.Reference\Mobile.BuildTools.Reference.csproj", "{20FB88AB-5FE0-41DC-97B7-4C8772A0D059}"
EndProject
Project("{2150E333-8FDC-42A3-9474-1A3956D46DE8}") = "sandbox", "sandbox", "{42760122-6D0B-464A-A4C1-6B7ACC931592}"
	ProjectSection(SolutionItems) = preProject
		sandbox\buildtools.json = sandbox\buildtools.json
		sandbox\Directory.Build.props = sandbox\Directory.Build.props
		sandbox\Directory.Build.targets = sandbox\Directory.Build.targets
	EndProjectSection
EndProject
Project("{FAE04EC0-301F-11D3-BF4B-00C04F79EFBC}") = "FormsDemo.Android", "sandbox\forms\FormsDemo.Android\FormsDemo.Android.csproj", "{91B4A4DA-26AB-4968-9875-89C4A0A5D3BB}"
EndProject
Project("{FAE04EC0-301F-11D3-BF4B-00C04F79EFBC}") = "FormsDemo.iOS", "sandbox\forms\FormsDemo.iOS\FormsDemo.iOS.csproj", "{6F7692BD-D4A8-4A28-A97D-5109B8B075BD}"
EndProject
Project("{9A19103F-16F7-4668-BE54-9A1E7A4F7556}") = "FormsDemo", "sandbox\forms\FormsDemo\FormsDemo.csproj", "{5F263211-E6BC-4E67-A001-60C19222A1CD}"
EndProject
Project("{2150E333-8FDC-42A3-9474-1A3956D46DE8}") = "forms", "forms", "{E2DDBCD2-8AC3-4D4C-82D4-C4398C64CAA2}"
EndProject
Project("{2150E333-8FDC-42A3-9474-1A3956D46DE8}") = "images", "images", "{BEE9B2A5-3401-4EBE-A8F5-8A6944A8FDD8}"
	ProjectSection(SolutionItems) = preProject
		sandbox\images\banner.png = sandbox\images\banner.png
		sandbox\images\icon.json = sandbox\images\icon.json
		sandbox\images\icon.png = sandbox\images\icon.png
		sandbox\images\logo.json = sandbox\images\logo.json
		sandbox\images\logo.png = sandbox\images\logo.png
		sandbox\images\tab_about.json = sandbox\images\tab_about.json
		sandbox\images\tab_about.png = sandbox\images\tab_about.png
		sandbox\images\tab_feed.json = sandbox\images\tab_feed.json
		sandbox\images\tab_feed.png = sandbox\images\tab_feed.png
	EndProjectSection
EndProject
Project("{2150E333-8FDC-42A3-9474-1A3956D46DE8}") = "schema", "schema", "{FB607294-EE92-4C3F-8342-D6FF40EF33A5}"
EndProject
Project("{2150E333-8FDC-42A3-9474-1A3956D46DE8}") = "v2", "v2", "{66C3D545-A0CA-418C-9ADB-E8F7FD189ABA}"
	ProjectSection(SolutionItems) = preProject
		docs\schemas\v2\buildtools.schema.json = docs\schemas\v2\buildtools.schema.json
		docs\schemas\v2\resourceDefinition.schema.json = docs\schemas\v2\resourceDefinition.schema.json
		docs\schemas\v2\secretsconfig.schema.json = docs\schemas\v2\secretsconfig.schema.json
	EndProjectSection
EndProject
Global
	GlobalSection(SolutionConfigurationPlatforms) = preSolution
		Debug|Any CPU = Debug|Any CPU
		Debug|iPhone = Debug|iPhone
		Debug|iPhoneSimulator = Debug|iPhoneSimulator
		Debug|x64 = Debug|x64
		Debug|x86 = Debug|x86
		Mock|Any CPU = Mock|Any CPU
		Mock|iPhone = Mock|iPhone
		Mock|iPhoneSimulator = Mock|iPhoneSimulator
		Mock|x64 = Mock|x64
		Mock|x86 = Mock|x86
		Release|Any CPU = Release|Any CPU
		Release|iPhone = Release|iPhone
		Release|iPhoneSimulator = Release|iPhoneSimulator
		Release|x64 = Release|x64
		Release|x86 = Release|x86
	EndGlobalSection
	GlobalSection(ProjectConfigurationPlatforms) = postSolution
		{ECB330A6-90E5-4EF2-8889-86DE2AC0723E}.Debug|Any CPU.ActiveCfg = Debug|Any CPU
		{ECB330A6-90E5-4EF2-8889-86DE2AC0723E}.Debug|Any CPU.Build.0 = Debug|Any CPU
		{ECB330A6-90E5-4EF2-8889-86DE2AC0723E}.Debug|iPhone.ActiveCfg = Debug|Any CPU
		{ECB330A6-90E5-4EF2-8889-86DE2AC0723E}.Debug|iPhone.Build.0 = Debug|Any CPU
		{ECB330A6-90E5-4EF2-8889-86DE2AC0723E}.Debug|iPhoneSimulator.ActiveCfg = Debug|Any CPU
		{ECB330A6-90E5-4EF2-8889-86DE2AC0723E}.Debug|iPhoneSimulator.Build.0 = Debug|Any CPU
		{ECB330A6-90E5-4EF2-8889-86DE2AC0723E}.Debug|x64.ActiveCfg = Debug|Any CPU
		{ECB330A6-90E5-4EF2-8889-86DE2AC0723E}.Debug|x64.Build.0 = Debug|Any CPU
		{ECB330A6-90E5-4EF2-8889-86DE2AC0723E}.Debug|x86.ActiveCfg = Debug|Any CPU
		{ECB330A6-90E5-4EF2-8889-86DE2AC0723E}.Debug|x86.Build.0 = Debug|Any CPU
		{ECB330A6-90E5-4EF2-8889-86DE2AC0723E}.Mock|Any CPU.ActiveCfg = Release|Any CPU
		{ECB330A6-90E5-4EF2-8889-86DE2AC0723E}.Mock|Any CPU.Build.0 = Release|Any CPU
		{ECB330A6-90E5-4EF2-8889-86DE2AC0723E}.Mock|iPhone.ActiveCfg = Release|Any CPU
		{ECB330A6-90E5-4EF2-8889-86DE2AC0723E}.Mock|iPhone.Build.0 = Release|Any CPU
		{ECB330A6-90E5-4EF2-8889-86DE2AC0723E}.Mock|iPhoneSimulator.ActiveCfg = Release|Any CPU
		{ECB330A6-90E5-4EF2-8889-86DE2AC0723E}.Mock|iPhoneSimulator.Build.0 = Release|Any CPU
		{ECB330A6-90E5-4EF2-8889-86DE2AC0723E}.Mock|x64.ActiveCfg = Release|Any CPU
		{ECB330A6-90E5-4EF2-8889-86DE2AC0723E}.Mock|x64.Build.0 = Release|Any CPU
		{ECB330A6-90E5-4EF2-8889-86DE2AC0723E}.Mock|x86.ActiveCfg = Release|Any CPU
		{ECB330A6-90E5-4EF2-8889-86DE2AC0723E}.Mock|x86.Build.0 = Release|Any CPU
		{ECB330A6-90E5-4EF2-8889-86DE2AC0723E}.Release|Any CPU.ActiveCfg = Release|Any CPU
		{ECB330A6-90E5-4EF2-8889-86DE2AC0723E}.Release|Any CPU.Build.0 = Release|Any CPU
		{ECB330A6-90E5-4EF2-8889-86DE2AC0723E}.Release|iPhone.ActiveCfg = Release|Any CPU
		{ECB330A6-90E5-4EF2-8889-86DE2AC0723E}.Release|iPhone.Build.0 = Release|Any CPU
		{ECB330A6-90E5-4EF2-8889-86DE2AC0723E}.Release|iPhoneSimulator.ActiveCfg = Release|Any CPU
		{ECB330A6-90E5-4EF2-8889-86DE2AC0723E}.Release|iPhoneSimulator.Build.0 = Release|Any CPU
		{ECB330A6-90E5-4EF2-8889-86DE2AC0723E}.Release|x64.ActiveCfg = Release|Any CPU
		{ECB330A6-90E5-4EF2-8889-86DE2AC0723E}.Release|x64.Build.0 = Release|Any CPU
		{ECB330A6-90E5-4EF2-8889-86DE2AC0723E}.Release|x86.ActiveCfg = Release|Any CPU
		{ECB330A6-90E5-4EF2-8889-86DE2AC0723E}.Release|x86.Build.0 = Release|Any CPU
		{25063D4D-2ECC-4B75-98D0-F7B6BAD9D1F7}.Debug|Any CPU.ActiveCfg = Debug|Any CPU
		{25063D4D-2ECC-4B75-98D0-F7B6BAD9D1F7}.Debug|Any CPU.Build.0 = Debug|Any CPU
		{25063D4D-2ECC-4B75-98D0-F7B6BAD9D1F7}.Debug|iPhone.ActiveCfg = Debug|Any CPU
		{25063D4D-2ECC-4B75-98D0-F7B6BAD9D1F7}.Debug|iPhone.Build.0 = Debug|Any CPU
		{25063D4D-2ECC-4B75-98D0-F7B6BAD9D1F7}.Debug|iPhoneSimulator.ActiveCfg = Debug|Any CPU
		{25063D4D-2ECC-4B75-98D0-F7B6BAD9D1F7}.Debug|iPhoneSimulator.Build.0 = Debug|Any CPU
		{25063D4D-2ECC-4B75-98D0-F7B6BAD9D1F7}.Debug|x64.ActiveCfg = Debug|Any CPU
		{25063D4D-2ECC-4B75-98D0-F7B6BAD9D1F7}.Debug|x64.Build.0 = Debug|Any CPU
		{25063D4D-2ECC-4B75-98D0-F7B6BAD9D1F7}.Debug|x86.ActiveCfg = Debug|Any CPU
		{25063D4D-2ECC-4B75-98D0-F7B6BAD9D1F7}.Debug|x86.Build.0 = Debug|Any CPU
		{25063D4D-2ECC-4B75-98D0-F7B6BAD9D1F7}.Mock|Any CPU.ActiveCfg = Release|Any CPU
		{25063D4D-2ECC-4B75-98D0-F7B6BAD9D1F7}.Mock|Any CPU.Build.0 = Release|Any CPU
		{25063D4D-2ECC-4B75-98D0-F7B6BAD9D1F7}.Mock|iPhone.ActiveCfg = Release|Any CPU
		{25063D4D-2ECC-4B75-98D0-F7B6BAD9D1F7}.Mock|iPhone.Build.0 = Release|Any CPU
		{25063D4D-2ECC-4B75-98D0-F7B6BAD9D1F7}.Mock|iPhoneSimulator.ActiveCfg = Release|Any CPU
		{25063D4D-2ECC-4B75-98D0-F7B6BAD9D1F7}.Mock|iPhoneSimulator.Build.0 = Release|Any CPU
		{25063D4D-2ECC-4B75-98D0-F7B6BAD9D1F7}.Mock|x64.ActiveCfg = Release|Any CPU
		{25063D4D-2ECC-4B75-98D0-F7B6BAD9D1F7}.Mock|x64.Build.0 = Release|Any CPU
		{25063D4D-2ECC-4B75-98D0-F7B6BAD9D1F7}.Mock|x86.ActiveCfg = Release|Any CPU
		{25063D4D-2ECC-4B75-98D0-F7B6BAD9D1F7}.Mock|x86.Build.0 = Release|Any CPU
		{25063D4D-2ECC-4B75-98D0-F7B6BAD9D1F7}.Release|Any CPU.ActiveCfg = Release|Any CPU
		{25063D4D-2ECC-4B75-98D0-F7B6BAD9D1F7}.Release|Any CPU.Build.0 = Release|Any CPU
		{25063D4D-2ECC-4B75-98D0-F7B6BAD9D1F7}.Release|iPhone.ActiveCfg = Release|Any CPU
		{25063D4D-2ECC-4B75-98D0-F7B6BAD9D1F7}.Release|iPhone.Build.0 = Release|Any CPU
		{25063D4D-2ECC-4B75-98D0-F7B6BAD9D1F7}.Release|iPhoneSimulator.ActiveCfg = Release|Any CPU
		{25063D4D-2ECC-4B75-98D0-F7B6BAD9D1F7}.Release|iPhoneSimulator.Build.0 = Release|Any CPU
		{25063D4D-2ECC-4B75-98D0-F7B6BAD9D1F7}.Release|x64.ActiveCfg = Release|Any CPU
		{25063D4D-2ECC-4B75-98D0-F7B6BAD9D1F7}.Release|x64.Build.0 = Release|Any CPU
		{25063D4D-2ECC-4B75-98D0-F7B6BAD9D1F7}.Release|x86.ActiveCfg = Release|Any CPU
		{25063D4D-2ECC-4B75-98D0-F7B6BAD9D1F7}.Release|x86.Build.0 = Release|Any CPU
		{22808734-C8D3-431E-AA9A-92432DE4EB6A}.Debug|Any CPU.ActiveCfg = Debug|Any CPU
		{22808734-C8D3-431E-AA9A-92432DE4EB6A}.Debug|Any CPU.Build.0 = Debug|Any CPU
		{22808734-C8D3-431E-AA9A-92432DE4EB6A}.Debug|iPhone.ActiveCfg = Debug|Any CPU
		{22808734-C8D3-431E-AA9A-92432DE4EB6A}.Debug|iPhone.Build.0 = Debug|Any CPU
		{22808734-C8D3-431E-AA9A-92432DE4EB6A}.Debug|iPhoneSimulator.ActiveCfg = Debug|Any CPU
		{22808734-C8D3-431E-AA9A-92432DE4EB6A}.Debug|iPhoneSimulator.Build.0 = Debug|Any CPU
		{22808734-C8D3-431E-AA9A-92432DE4EB6A}.Debug|x64.ActiveCfg = Debug|Any CPU
		{22808734-C8D3-431E-AA9A-92432DE4EB6A}.Debug|x64.Build.0 = Debug|Any CPU
		{22808734-C8D3-431E-AA9A-92432DE4EB6A}.Debug|x86.ActiveCfg = Debug|Any CPU
		{22808734-C8D3-431E-AA9A-92432DE4EB6A}.Debug|x86.Build.0 = Debug|Any CPU
		{22808734-C8D3-431E-AA9A-92432DE4EB6A}.Mock|Any CPU.ActiveCfg = Release|Any CPU
		{22808734-C8D3-431E-AA9A-92432DE4EB6A}.Mock|Any CPU.Build.0 = Release|Any CPU
		{22808734-C8D3-431E-AA9A-92432DE4EB6A}.Mock|iPhone.ActiveCfg = Release|Any CPU
		{22808734-C8D3-431E-AA9A-92432DE4EB6A}.Mock|iPhone.Build.0 = Release|Any CPU
		{22808734-C8D3-431E-AA9A-92432DE4EB6A}.Mock|iPhoneSimulator.ActiveCfg = Release|Any CPU
		{22808734-C8D3-431E-AA9A-92432DE4EB6A}.Mock|iPhoneSimulator.Build.0 = Release|Any CPU
		{22808734-C8D3-431E-AA9A-92432DE4EB6A}.Mock|x64.ActiveCfg = Release|Any CPU
		{22808734-C8D3-431E-AA9A-92432DE4EB6A}.Mock|x64.Build.0 = Release|Any CPU
		{22808734-C8D3-431E-AA9A-92432DE4EB6A}.Mock|x86.ActiveCfg = Release|Any CPU
		{22808734-C8D3-431E-AA9A-92432DE4EB6A}.Mock|x86.Build.0 = Release|Any CPU
		{22808734-C8D3-431E-AA9A-92432DE4EB6A}.Release|Any CPU.ActiveCfg = Release|Any CPU
		{22808734-C8D3-431E-AA9A-92432DE4EB6A}.Release|Any CPU.Build.0 = Release|Any CPU
		{22808734-C8D3-431E-AA9A-92432DE4EB6A}.Release|iPhone.ActiveCfg = Release|Any CPU
		{22808734-C8D3-431E-AA9A-92432DE4EB6A}.Release|iPhone.Build.0 = Release|Any CPU
		{22808734-C8D3-431E-AA9A-92432DE4EB6A}.Release|iPhoneSimulator.ActiveCfg = Release|Any CPU
		{22808734-C8D3-431E-AA9A-92432DE4EB6A}.Release|iPhoneSimulator.Build.0 = Release|Any CPU
		{22808734-C8D3-431E-AA9A-92432DE4EB6A}.Release|x64.ActiveCfg = Release|Any CPU
		{22808734-C8D3-431E-AA9A-92432DE4EB6A}.Release|x64.Build.0 = Release|Any CPU
		{22808734-C8D3-431E-AA9A-92432DE4EB6A}.Release|x86.ActiveCfg = Release|Any CPU
		{22808734-C8D3-431E-AA9A-92432DE4EB6A}.Release|x86.Build.0 = Release|Any CPU
		{82EF42A8-49A3-4086-A045-5E2C2F094C04}.Debug|Any CPU.ActiveCfg = Debug|Any CPU
		{82EF42A8-49A3-4086-A045-5E2C2F094C04}.Debug|Any CPU.Build.0 = Debug|Any CPU
		{82EF42A8-49A3-4086-A045-5E2C2F094C04}.Debug|iPhone.ActiveCfg = Debug|Any CPU
		{82EF42A8-49A3-4086-A045-5E2C2F094C04}.Debug|iPhone.Build.0 = Debug|Any CPU
		{82EF42A8-49A3-4086-A045-5E2C2F094C04}.Debug|iPhoneSimulator.ActiveCfg = Debug|Any CPU
		{82EF42A8-49A3-4086-A045-5E2C2F094C04}.Debug|iPhoneSimulator.Build.0 = Debug|Any CPU
		{82EF42A8-49A3-4086-A045-5E2C2F094C04}.Debug|x64.ActiveCfg = Debug|Any CPU
		{82EF42A8-49A3-4086-A045-5E2C2F094C04}.Debug|x64.Build.0 = Debug|Any CPU
		{82EF42A8-49A3-4086-A045-5E2C2F094C04}.Debug|x86.ActiveCfg = Debug|Any CPU
		{82EF42A8-49A3-4086-A045-5E2C2F094C04}.Debug|x86.Build.0 = Debug|Any CPU
		{82EF42A8-49A3-4086-A045-5E2C2F094C04}.Mock|Any CPU.ActiveCfg = Release|Any CPU
		{82EF42A8-49A3-4086-A045-5E2C2F094C04}.Mock|Any CPU.Build.0 = Release|Any CPU
		{82EF42A8-49A3-4086-A045-5E2C2F094C04}.Mock|iPhone.ActiveCfg = Release|Any CPU
		{82EF42A8-49A3-4086-A045-5E2C2F094C04}.Mock|iPhone.Build.0 = Release|Any CPU
		{82EF42A8-49A3-4086-A045-5E2C2F094C04}.Mock|iPhoneSimulator.ActiveCfg = Release|Any CPU
		{82EF42A8-49A3-4086-A045-5E2C2F094C04}.Mock|iPhoneSimulator.Build.0 = Release|Any CPU
		{82EF42A8-49A3-4086-A045-5E2C2F094C04}.Mock|x64.ActiveCfg = Release|Any CPU
		{82EF42A8-49A3-4086-A045-5E2C2F094C04}.Mock|x64.Build.0 = Release|Any CPU
		{82EF42A8-49A3-4086-A045-5E2C2F094C04}.Mock|x86.ActiveCfg = Release|Any CPU
		{82EF42A8-49A3-4086-A045-5E2C2F094C04}.Mock|x86.Build.0 = Release|Any CPU
		{82EF42A8-49A3-4086-A045-5E2C2F094C04}.Release|Any CPU.ActiveCfg = Release|Any CPU
		{82EF42A8-49A3-4086-A045-5E2C2F094C04}.Release|Any CPU.Build.0 = Release|Any CPU
		{82EF42A8-49A3-4086-A045-5E2C2F094C04}.Release|iPhone.ActiveCfg = Release|Any CPU
		{82EF42A8-49A3-4086-A045-5E2C2F094C04}.Release|iPhone.Build.0 = Release|Any CPU
		{82EF42A8-49A3-4086-A045-5E2C2F094C04}.Release|iPhoneSimulator.ActiveCfg = Release|Any CPU
		{82EF42A8-49A3-4086-A045-5E2C2F094C04}.Release|iPhoneSimulator.Build.0 = Release|Any CPU
		{82EF42A8-49A3-4086-A045-5E2C2F094C04}.Release|x64.ActiveCfg = Release|Any CPU
		{82EF42A8-49A3-4086-A045-5E2C2F094C04}.Release|x64.Build.0 = Release|Any CPU
		{82EF42A8-49A3-4086-A045-5E2C2F094C04}.Release|x86.ActiveCfg = Release|Any CPU
		{82EF42A8-49A3-4086-A045-5E2C2F094C04}.Release|x86.Build.0 = Release|Any CPU
		{B102C625-C640-4E90-B634-CC730140CB7C}.Debug|Any CPU.ActiveCfg = Debug|Any CPU
		{B102C625-C640-4E90-B634-CC730140CB7C}.Debug|Any CPU.Build.0 = Debug|Any CPU
		{B102C625-C640-4E90-B634-CC730140CB7C}.Debug|iPhone.ActiveCfg = Debug|Any CPU
		{B102C625-C640-4E90-B634-CC730140CB7C}.Debug|iPhone.Build.0 = Debug|Any CPU
		{B102C625-C640-4E90-B634-CC730140CB7C}.Debug|iPhoneSimulator.ActiveCfg = Debug|Any CPU
		{B102C625-C640-4E90-B634-CC730140CB7C}.Debug|iPhoneSimulator.Build.0 = Debug|Any CPU
		{B102C625-C640-4E90-B634-CC730140CB7C}.Debug|x64.ActiveCfg = Debug|Any CPU
		{B102C625-C640-4E90-B634-CC730140CB7C}.Debug|x64.Build.0 = Debug|Any CPU
		{B102C625-C640-4E90-B634-CC730140CB7C}.Debug|x86.ActiveCfg = Debug|Any CPU
		{B102C625-C640-4E90-B634-CC730140CB7C}.Debug|x86.Build.0 = Debug|Any CPU
		{B102C625-C640-4E90-B634-CC730140CB7C}.Mock|Any CPU.ActiveCfg = Release|Any CPU
		{B102C625-C640-4E90-B634-CC730140CB7C}.Mock|Any CPU.Build.0 = Release|Any CPU
		{B102C625-C640-4E90-B634-CC730140CB7C}.Mock|iPhone.ActiveCfg = Release|Any CPU
		{B102C625-C640-4E90-B634-CC730140CB7C}.Mock|iPhone.Build.0 = Release|Any CPU
		{B102C625-C640-4E90-B634-CC730140CB7C}.Mock|iPhoneSimulator.ActiveCfg = Release|Any CPU
		{B102C625-C640-4E90-B634-CC730140CB7C}.Mock|iPhoneSimulator.Build.0 = Release|Any CPU
		{B102C625-C640-4E90-B634-CC730140CB7C}.Mock|x64.ActiveCfg = Release|Any CPU
		{B102C625-C640-4E90-B634-CC730140CB7C}.Mock|x64.Build.0 = Release|Any CPU
		{B102C625-C640-4E90-B634-CC730140CB7C}.Mock|x86.ActiveCfg = Release|Any CPU
		{B102C625-C640-4E90-B634-CC730140CB7C}.Mock|x86.Build.0 = Release|Any CPU
		{B102C625-C640-4E90-B634-CC730140CB7C}.Release|Any CPU.ActiveCfg = Release|Any CPU
		{B102C625-C640-4E90-B634-CC730140CB7C}.Release|Any CPU.Build.0 = Release|Any CPU
		{B102C625-C640-4E90-B634-CC730140CB7C}.Release|iPhone.ActiveCfg = Release|Any CPU
		{B102C625-C640-4E90-B634-CC730140CB7C}.Release|iPhone.Build.0 = Release|Any CPU
		{B102C625-C640-4E90-B634-CC730140CB7C}.Release|iPhoneSimulator.ActiveCfg = Release|Any CPU
		{B102C625-C640-4E90-B634-CC730140CB7C}.Release|iPhoneSimulator.Build.0 = Release|Any CPU
		{B102C625-C640-4E90-B634-CC730140CB7C}.Release|x64.ActiveCfg = Release|Any CPU
		{B102C625-C640-4E90-B634-CC730140CB7C}.Release|x64.Build.0 = Release|Any CPU
		{B102C625-C640-4E90-B634-CC730140CB7C}.Release|x86.ActiveCfg = Release|Any CPU
		{B102C625-C640-4E90-B634-CC730140CB7C}.Release|x86.Build.0 = Release|Any CPU
		{20FB88AB-5FE0-41DC-97B7-4C8772A0D059}.Debug|Any CPU.ActiveCfg = Debug|Any CPU
		{20FB88AB-5FE0-41DC-97B7-4C8772A0D059}.Debug|Any CPU.Build.0 = Debug|Any CPU
		{20FB88AB-5FE0-41DC-97B7-4C8772A0D059}.Debug|iPhone.ActiveCfg = Debug|Any CPU
		{20FB88AB-5FE0-41DC-97B7-4C8772A0D059}.Debug|iPhone.Build.0 = Debug|Any CPU
		{20FB88AB-5FE0-41DC-97B7-4C8772A0D059}.Debug|iPhoneSimulator.ActiveCfg = Debug|Any CPU
		{20FB88AB-5FE0-41DC-97B7-4C8772A0D059}.Debug|iPhoneSimulator.Build.0 = Debug|Any CPU
		{20FB88AB-5FE0-41DC-97B7-4C8772A0D059}.Debug|x64.ActiveCfg = Debug|Any CPU
		{20FB88AB-5FE0-41DC-97B7-4C8772A0D059}.Debug|x64.Build.0 = Debug|Any CPU
		{20FB88AB-5FE0-41DC-97B7-4C8772A0D059}.Debug|x86.ActiveCfg = Debug|Any CPU
		{20FB88AB-5FE0-41DC-97B7-4C8772A0D059}.Debug|x86.Build.0 = Debug|Any CPU
		{20FB88AB-5FE0-41DC-97B7-4C8772A0D059}.Mock|Any CPU.ActiveCfg = Release|Any CPU
		{20FB88AB-5FE0-41DC-97B7-4C8772A0D059}.Mock|Any CPU.Build.0 = Release|Any CPU
		{20FB88AB-5FE0-41DC-97B7-4C8772A0D059}.Mock|iPhone.ActiveCfg = Release|Any CPU
		{20FB88AB-5FE0-41DC-97B7-4C8772A0D059}.Mock|iPhone.Build.0 = Release|Any CPU
		{20FB88AB-5FE0-41DC-97B7-4C8772A0D059}.Mock|iPhoneSimulator.ActiveCfg = Release|Any CPU
		{20FB88AB-5FE0-41DC-97B7-4C8772A0D059}.Mock|iPhoneSimulator.Build.0 = Release|Any CPU
		{20FB88AB-5FE0-41DC-97B7-4C8772A0D059}.Mock|x64.ActiveCfg = Release|Any CPU
		{20FB88AB-5FE0-41DC-97B7-4C8772A0D059}.Mock|x64.Build.0 = Release|Any CPU
		{20FB88AB-5FE0-41DC-97B7-4C8772A0D059}.Mock|x86.ActiveCfg = Release|Any CPU
		{20FB88AB-5FE0-41DC-97B7-4C8772A0D059}.Mock|x86.Build.0 = Release|Any CPU
		{20FB88AB-5FE0-41DC-97B7-4C8772A0D059}.Release|Any CPU.ActiveCfg = Release|Any CPU
		{20FB88AB-5FE0-41DC-97B7-4C8772A0D059}.Release|Any CPU.Build.0 = Release|Any CPU
		{20FB88AB-5FE0-41DC-97B7-4C8772A0D059}.Release|iPhone.ActiveCfg = Release|Any CPU
		{20FB88AB-5FE0-41DC-97B7-4C8772A0D059}.Release|iPhone.Build.0 = Release|Any CPU
		{20FB88AB-5FE0-41DC-97B7-4C8772A0D059}.Release|iPhoneSimulator.ActiveCfg = Release|Any CPU
		{20FB88AB-5FE0-41DC-97B7-4C8772A0D059}.Release|iPhoneSimulator.Build.0 = Release|Any CPU
		{20FB88AB-5FE0-41DC-97B7-4C8772A0D059}.Release|x64.ActiveCfg = Release|Any CPU
		{20FB88AB-5FE0-41DC-97B7-4C8772A0D059}.Release|x64.Build.0 = Release|Any CPU
		{20FB88AB-5FE0-41DC-97B7-4C8772A0D059}.Release|x86.ActiveCfg = Release|Any CPU
		{20FB88AB-5FE0-41DC-97B7-4C8772A0D059}.Release|x86.Build.0 = Release|Any CPU
		{91B4A4DA-26AB-4968-9875-89C4A0A5D3BB}.Debug|Any CPU.ActiveCfg = Debug|Any CPU
		{91B4A4DA-26AB-4968-9875-89C4A0A5D3BB}.Debug|Any CPU.Build.0 = Debug|Any CPU
		{91B4A4DA-26AB-4968-9875-89C4A0A5D3BB}.Debug|Any CPU.Deploy.0 = Debug|Any CPU
		{91B4A4DA-26AB-4968-9875-89C4A0A5D3BB}.Debug|iPhone.ActiveCfg = Debug|Any CPU
		{91B4A4DA-26AB-4968-9875-89C4A0A5D3BB}.Debug|iPhone.Build.0 = Debug|Any CPU
		{91B4A4DA-26AB-4968-9875-89C4A0A5D3BB}.Debug|iPhone.Deploy.0 = Debug|Any CPU
		{91B4A4DA-26AB-4968-9875-89C4A0A5D3BB}.Debug|iPhoneSimulator.ActiveCfg = Debug|Any CPU
		{91B4A4DA-26AB-4968-9875-89C4A0A5D3BB}.Debug|iPhoneSimulator.Build.0 = Debug|Any CPU
		{91B4A4DA-26AB-4968-9875-89C4A0A5D3BB}.Debug|iPhoneSimulator.Deploy.0 = Debug|Any CPU
		{91B4A4DA-26AB-4968-9875-89C4A0A5D3BB}.Debug|x64.ActiveCfg = Debug|Any CPU
		{91B4A4DA-26AB-4968-9875-89C4A0A5D3BB}.Debug|x64.Build.0 = Debug|Any CPU
		{91B4A4DA-26AB-4968-9875-89C4A0A5D3BB}.Debug|x64.Deploy.0 = Debug|Any CPU
		{91B4A4DA-26AB-4968-9875-89C4A0A5D3BB}.Debug|x86.ActiveCfg = Debug|Any CPU
		{91B4A4DA-26AB-4968-9875-89C4A0A5D3BB}.Debug|x86.Build.0 = Debug|Any CPU
		{91B4A4DA-26AB-4968-9875-89C4A0A5D3BB}.Debug|x86.Deploy.0 = Debug|Any CPU
		{91B4A4DA-26AB-4968-9875-89C4A0A5D3BB}.Mock|Any CPU.ActiveCfg = Mock|Any CPU
		{91B4A4DA-26AB-4968-9875-89C4A0A5D3BB}.Mock|Any CPU.Build.0 = Mock|Any CPU
		{91B4A4DA-26AB-4968-9875-89C4A0A5D3BB}.Mock|Any CPU.Deploy.0 = Mock|Any CPU
		{91B4A4DA-26AB-4968-9875-89C4A0A5D3BB}.Mock|iPhone.ActiveCfg = Mock|Any CPU
		{91B4A4DA-26AB-4968-9875-89C4A0A5D3BB}.Mock|iPhone.Build.0 = Mock|Any CPU
		{91B4A4DA-26AB-4968-9875-89C4A0A5D3BB}.Mock|iPhone.Deploy.0 = Mock|Any CPU
		{91B4A4DA-26AB-4968-9875-89C4A0A5D3BB}.Mock|iPhoneSimulator.ActiveCfg = Mock|Any CPU
		{91B4A4DA-26AB-4968-9875-89C4A0A5D3BB}.Mock|iPhoneSimulator.Build.0 = Mock|Any CPU
		{91B4A4DA-26AB-4968-9875-89C4A0A5D3BB}.Mock|iPhoneSimulator.Deploy.0 = Mock|Any CPU
		{91B4A4DA-26AB-4968-9875-89C4A0A5D3BB}.Mock|x64.ActiveCfg = Mock|Any CPU
		{91B4A4DA-26AB-4968-9875-89C4A0A5D3BB}.Mock|x64.Build.0 = Mock|Any CPU
		{91B4A4DA-26AB-4968-9875-89C4A0A5D3BB}.Mock|x64.Deploy.0 = Mock|Any CPU
		{91B4A4DA-26AB-4968-9875-89C4A0A5D3BB}.Mock|x86.ActiveCfg = Mock|Any CPU
		{91B4A4DA-26AB-4968-9875-89C4A0A5D3BB}.Mock|x86.Build.0 = Mock|Any CPU
		{91B4A4DA-26AB-4968-9875-89C4A0A5D3BB}.Mock|x86.Deploy.0 = Mock|Any CPU
		{91B4A4DA-26AB-4968-9875-89C4A0A5D3BB}.Release|Any CPU.ActiveCfg = Release|Any CPU
		{91B4A4DA-26AB-4968-9875-89C4A0A5D3BB}.Release|Any CPU.Build.0 = Release|Any CPU
		{91B4A4DA-26AB-4968-9875-89C4A0A5D3BB}.Release|Any CPU.Deploy.0 = Release|Any CPU
		{91B4A4DA-26AB-4968-9875-89C4A0A5D3BB}.Release|iPhone.ActiveCfg = Release|Any CPU
		{91B4A4DA-26AB-4968-9875-89C4A0A5D3BB}.Release|iPhone.Build.0 = Release|Any CPU
		{91B4A4DA-26AB-4968-9875-89C4A0A5D3BB}.Release|iPhone.Deploy.0 = Release|Any CPU
		{91B4A4DA-26AB-4968-9875-89C4A0A5D3BB}.Release|iPhoneSimulator.ActiveCfg = Release|Any CPU
		{91B4A4DA-26AB-4968-9875-89C4A0A5D3BB}.Release|iPhoneSimulator.Build.0 = Release|Any CPU
		{91B4A4DA-26AB-4968-9875-89C4A0A5D3BB}.Release|iPhoneSimulator.Deploy.0 = Release|Any CPU
		{91B4A4DA-26AB-4968-9875-89C4A0A5D3BB}.Release|x64.ActiveCfg = Release|Any CPU
		{91B4A4DA-26AB-4968-9875-89C4A0A5D3BB}.Release|x64.Build.0 = Release|Any CPU
		{91B4A4DA-26AB-4968-9875-89C4A0A5D3BB}.Release|x64.Deploy.0 = Release|Any CPU
		{91B4A4DA-26AB-4968-9875-89C4A0A5D3BB}.Release|x86.ActiveCfg = Release|Any CPU
		{91B4A4DA-26AB-4968-9875-89C4A0A5D3BB}.Release|x86.Build.0 = Release|Any CPU
		{91B4A4DA-26AB-4968-9875-89C4A0A5D3BB}.Release|x86.Deploy.0 = Release|Any CPU
		{6F7692BD-D4A8-4A28-A97D-5109B8B075BD}.Debug|Any CPU.ActiveCfg = Debug|iPhone
		{6F7692BD-D4A8-4A28-A97D-5109B8B075BD}.Debug|iPhone.ActiveCfg = Debug|iPhone
		{6F7692BD-D4A8-4A28-A97D-5109B8B075BD}.Debug|iPhone.Build.0 = Debug|iPhone
		{6F7692BD-D4A8-4A28-A97D-5109B8B075BD}.Debug|iPhone.Deploy.0 = Debug|iPhone
		{6F7692BD-D4A8-4A28-A97D-5109B8B075BD}.Debug|iPhoneSimulator.ActiveCfg = Debug|iPhoneSimulator
		{6F7692BD-D4A8-4A28-A97D-5109B8B075BD}.Debug|iPhoneSimulator.Build.0 = Debug|iPhoneSimulator
		{6F7692BD-D4A8-4A28-A97D-5109B8B075BD}.Debug|x64.ActiveCfg = Debug|iPhone
		{6F7692BD-D4A8-4A28-A97D-5109B8B075BD}.Debug|x86.ActiveCfg = Debug|iPhone
		{6F7692BD-D4A8-4A28-A97D-5109B8B075BD}.Mock|Any CPU.ActiveCfg = Mock|iPhone
		{6F7692BD-D4A8-4A28-A97D-5109B8B075BD}.Mock|iPhone.ActiveCfg = Mock|iPhone
		{6F7692BD-D4A8-4A28-A97D-5109B8B075BD}.Mock|iPhone.Build.0 = Mock|iPhone
		{6F7692BD-D4A8-4A28-A97D-5109B8B075BD}.Mock|iPhoneSimulator.ActiveCfg = Mock|iPhoneSimulator
		{6F7692BD-D4A8-4A28-A97D-5109B8B075BD}.Mock|iPhoneSimulator.Build.0 = Mock|iPhoneSimulator
		{6F7692BD-D4A8-4A28-A97D-5109B8B075BD}.Mock|x64.ActiveCfg = Mock|iPhone
		{6F7692BD-D4A8-4A28-A97D-5109B8B075BD}.Mock|x86.ActiveCfg = Mock|iPhone
		{6F7692BD-D4A8-4A28-A97D-5109B8B075BD}.Release|Any CPU.ActiveCfg = Release|iPhone
		{6F7692BD-D4A8-4A28-A97D-5109B8B075BD}.Release|iPhone.ActiveCfg = Release|iPhone
		{6F7692BD-D4A8-4A28-A97D-5109B8B075BD}.Release|iPhone.Build.0 = Release|iPhone
		{6F7692BD-D4A8-4A28-A97D-5109B8B075BD}.Release|iPhoneSimulator.ActiveCfg = Release|iPhoneSimulator
		{6F7692BD-D4A8-4A28-A97D-5109B8B075BD}.Release|iPhoneSimulator.Build.0 = Release|iPhoneSimulator
		{6F7692BD-D4A8-4A28-A97D-5109B8B075BD}.Release|x64.ActiveCfg = Release|iPhone
		{6F7692BD-D4A8-4A28-A97D-5109B8B075BD}.Release|x86.ActiveCfg = Release|iPhone
		{5F263211-E6BC-4E67-A001-60C19222A1CD}.Debug|Any CPU.ActiveCfg = Debug|Any CPU
		{5F263211-E6BC-4E67-A001-60C19222A1CD}.Debug|Any CPU.Build.0 = Debug|Any CPU
		{5F263211-E6BC-4E67-A001-60C19222A1CD}.Debug|iPhone.ActiveCfg = Debug|Any CPU
		{5F263211-E6BC-4E67-A001-60C19222A1CD}.Debug|iPhone.Build.0 = Debug|Any CPU
		{5F263211-E6BC-4E67-A001-60C19222A1CD}.Debug|iPhoneSimulator.ActiveCfg = Debug|Any CPU
		{5F263211-E6BC-4E67-A001-60C19222A1CD}.Debug|iPhoneSimulator.Build.0 = Debug|Any CPU
		{5F263211-E6BC-4E67-A001-60C19222A1CD}.Debug|x64.ActiveCfg = Debug|Any CPU
		{5F263211-E6BC-4E67-A001-60C19222A1CD}.Debug|x64.Build.0 = Debug|Any CPU
		{5F263211-E6BC-4E67-A001-60C19222A1CD}.Debug|x86.ActiveCfg = Debug|Any CPU
		{5F263211-E6BC-4E67-A001-60C19222A1CD}.Debug|x86.Build.0 = Debug|Any CPU
		{5F263211-E6BC-4E67-A001-60C19222A1CD}.Mock|Any CPU.ActiveCfg = Release|Any CPU
		{5F263211-E6BC-4E67-A001-60C19222A1CD}.Mock|Any CPU.Build.0 = Release|Any CPU
		{5F263211-E6BC-4E67-A001-60C19222A1CD}.Mock|iPhone.ActiveCfg = Release|Any CPU
		{5F263211-E6BC-4E67-A001-60C19222A1CD}.Mock|iPhone.Build.0 = Release|Any CPU
		{5F263211-E6BC-4E67-A001-60C19222A1CD}.Mock|iPhoneSimulator.ActiveCfg = Release|Any CPU
		{5F263211-E6BC-4E67-A001-60C19222A1CD}.Mock|iPhoneSimulator.Build.0 = Release|Any CPU
		{5F263211-E6BC-4E67-A001-60C19222A1CD}.Mock|x64.ActiveCfg = Release|Any CPU
		{5F263211-E6BC-4E67-A001-60C19222A1CD}.Mock|x64.Build.0 = Release|Any CPU
		{5F263211-E6BC-4E67-A001-60C19222A1CD}.Mock|x86.ActiveCfg = Release|Any CPU
		{5F263211-E6BC-4E67-A001-60C19222A1CD}.Mock|x86.Build.0 = Release|Any CPU
		{5F263211-E6BC-4E67-A001-60C19222A1CD}.Release|Any CPU.ActiveCfg = Release|Any CPU
		{5F263211-E6BC-4E67-A001-60C19222A1CD}.Release|Any CPU.Build.0 = Release|Any CPU
		{5F263211-E6BC-4E67-A001-60C19222A1CD}.Release|iPhone.ActiveCfg = Release|Any CPU
		{5F263211-E6BC-4E67-A001-60C19222A1CD}.Release|iPhone.Build.0 = Release|Any CPU
		{5F263211-E6BC-4E67-A001-60C19222A1CD}.Release|iPhoneSimulator.ActiveCfg = Release|Any CPU
		{5F263211-E6BC-4E67-A001-60C19222A1CD}.Release|iPhoneSimulator.Build.0 = Release|Any CPU
		{5F263211-E6BC-4E67-A001-60C19222A1CD}.Release|x64.ActiveCfg = Release|Any CPU
		{5F263211-E6BC-4E67-A001-60C19222A1CD}.Release|x64.Build.0 = Release|Any CPU
		{5F263211-E6BC-4E67-A001-60C19222A1CD}.Release|x86.ActiveCfg = Release|Any CPU
		{5F263211-E6BC-4E67-A001-60C19222A1CD}.Release|x86.Build.0 = Release|Any CPU
	EndGlobalSection
	GlobalSection(SolutionProperties) = preSolution
		HideSolutionNode = FALSE
	EndGlobalSection
	GlobalSection(NestedProjects) = preSolution
		{ECB330A6-90E5-4EF2-8889-86DE2AC0723E} = {C7456F1C-2B86-4C40-A228-72209A7355A0}
		{25063D4D-2ECC-4B75-98D0-F7B6BAD9D1F7} = {C7456F1C-2B86-4C40-A228-72209A7355A0}
		{22808734-C8D3-431E-AA9A-92432DE4EB6A} = {2510D213-21AF-4B25-888D-E63163356A4F}
		{82EF42A8-49A3-4086-A045-5E2C2F094C04} = {2510D213-21AF-4B25-888D-E63163356A4F}
		{B102C625-C640-4E90-B634-CC730140CB7C} = {677B710E-6C18-47C0-93B2-A3899370BF5A}
		{20FB88AB-5FE0-41DC-97B7-4C8772A0D059} = {C7456F1C-2B86-4C40-A228-72209A7355A0}
		{91B4A4DA-26AB-4968-9875-89C4A0A5D3BB} = {E2DDBCD2-8AC3-4D4C-82D4-C4398C64CAA2}
		{6F7692BD-D4A8-4A28-A97D-5109B8B075BD} = {E2DDBCD2-8AC3-4D4C-82D4-C4398C64CAA2}
		{5F263211-E6BC-4E67-A001-60C19222A1CD} = {E2DDBCD2-8AC3-4D4C-82D4-C4398C64CAA2}
		{E2DDBCD2-8AC3-4D4C-82D4-C4398C64CAA2} = {42760122-6D0B-464A-A4C1-6B7ACC931592}
		{BEE9B2A5-3401-4EBE-A8F5-8A6944A8FDD8} = {42760122-6D0B-464A-A4C1-6B7ACC931592}
		{66C3D545-A0CA-418C-9ADB-E8F7FD189ABA} = {FB607294-EE92-4C3F-8342-D6FF40EF33A5}
	EndGlobalSection
	GlobalSection(ExtensibilityGlobals) = postSolution
		SolutionGuid = {429C8CA0-DB8C-4CF5-9627-187B9CC47A99}
	EndGlobalSection
EndGlobal
